
Microsoft Visual Studio Solution File, Format Version 12.00
# Visual Studio Version 16
VisualStudioVersion = 16.0.32510.428
MinimumVisualStudioVersion = 10.0.40219.1
Project("{9A19103F-16F7-4668-BE54-9A1E7A4F7556}") = "StreetRacing", "E:\C#\Advance\Advance\Exam\C# Advanced Retake Exam - 18 August 2021\StreetRacing\StreetRacing.csproj", "{DBA11FE8-D65E-4A8C-8434-9725E5C5805E}"
EndProject
Project("{9A19103F-16F7-4668-BE54-9A1E7A4F7556}") = "Birthday Celebration", "Birthday Celebration\Birthday Celebration.csproj", "{BB404850-C044-4BB7-8A34-1070BC31132E}"
EndProject
Global
	GlobalSection(SolutionConfigurationPlatforms) = preSolution
		Debug|Any CPU = Debug|Any CPU
		Release|Any CPU = Release|Any CPU
	EndGlobalSection
	GlobalSection(ProjectConfigurationPlatforms) = postSolution
		{DBA11FE8-D65E-4A8C-8434-9725E5C5805E}.Debug|Any CPU.ActiveCfg = Debug|Any CPU
		{DBA11FE8-D65E-4A8C-8434-9725E5C5805E}.Debug|Any CPU.Build.0 = Debug|Any CPU
		{DBA11FE8-D65E-4A8C-8434-9725E5C5805E}.Release|Any CPU.ActiveCfg = Release|Any CPU
		{DBA11FE8-D65E-4A8C-8434-9725E5C5805E}.Release|Any CPU.Build.0 = Release|Any CPU
		{BB404850-C044-4BB7-8A34-1070BC31132E}.Debug|Any CPU.ActiveCfg = Debug|Any CPU
		{BB404850-C044-4BB7-8A34-1070BC31132E}.Debug|Any CPU.Build.0 = Debug|Any CPU
		{BB404850-C044-4BB7-8A34-1070BC31132E}.Release|Any CPU.ActiveCfg = Release|Any CPU
		{BB404850-C044-4BB7-8A34-1070BC31132E}.Release|Any CPU.Build.0 = Release|Any CPU
	EndGlobalSection
	GlobalSection(SolutionProperties) = preSolution
		HideSolutionNode = FALSE
	EndGlobalSection
	GlobalSection(ExtensibilityGlobals) = postSolution
		SolutionGuid = {96E3A3C4-41C2-48E6-9B92-A7EB242E46B4}
	EndGlobalSection
EndGlobal
