
Microsoft Visual Studio Solution File, Format Version 12.00
# Visual Studio Version 16
VisualStudioVersion = 16.0.32510.428
MinimumVisualStudioVersion = 10.0.40219.1
Project("{9A19103F-16F7-4668-BE54-9A1E7A4F7556}") = "Food Finder", "Food Finder\Food Finder.csproj", "{90CDB07E-3B9C-4F26-AFE6-9076D6752362}"
EndProject
Global
	GlobalSection(SolutionConfigurationPlatforms) = preSolution
		Debug|Any CPU = Debug|Any CPU
		Release|Any CPU = Release|Any CPU
	EndGlobalSection
	GlobalSection(ProjectConfigurationPlatforms) = postSolution
		{90CDB07E-3B9C-4F26-AFE6-9076D6752362}.Debug|Any CPU.ActiveCfg = Debug|Any CPU
		{90CDB07E-3B9C-4F26-AFE6-9076D6752362}.Debug|Any CPU.Build.0 = Debug|Any CPU
		{90CDB07E-3B9C-4F26-AFE6-9076D6752362}.Release|Any CPU.ActiveCfg = Release|Any CPU
		{90CDB07E-3B9C-4F26-AFE6-9076D6752362}.Release|Any CPU.Build.0 = Release|Any CPU
	EndGlobalSection
	GlobalSection(SolutionProperties) = preSolution
		HideSolutionNode = FALSE
	EndGlobalSection
	GlobalSection(ExtensibilityGlobals) = postSolution
		SolutionGuid = {BD109996-F436-40D5-B245-3F9553153428}
	EndGlobalSection
EndGlobal
